[[package]]
name = "asgiref"
version = "3.3.1"
description = "ASGI specs, helper code, and adapters"
category = "main"
optional = false
python-versions = ">=3.5"

[package.extras]
tests = ["pytest", "pytest-asyncio"]

[[package]]
name = "django"
version = "3.1.5"
description = "A high-level Python Web framework that encourages rapid development and clean, pragmatic design."
category = "main"
optional = false
python-versions = ">=3.6"

[package.dependencies]
asgiref = ">=3.2.10,<4"
pytz = "*"
sqlparse = ">=0.2.2"

[package.extras]
argon2 = ["argon2-cffi (>=16.1.0)"]
bcrypt = ["bcrypt"]

[[package]]
name = "django-query-profiler"
version = "0.6"
description = "Django query profiler"
category = "main"
optional = false
python-versions = ">=3.6"

[package.dependencies]
django = "*"
isort = "*"
mmh3 = "*"
moz-sql-parser = "3.32.20026"
redis = "*"

[[package]]
name = "isort"
version = "5.7.0"
description = "A Python utility / library to sort Python imports."
category = "main"
optional = false
python-versions = ">=3.6,<4.0"

[package.extras]
pipfile_deprecated_finder = ["pipreqs", "requirementslib"]
requirements_deprecated_finder = ["pipreqs", "pip-api"]
colors = ["colorama (>=0.4.3,<0.5.0)"]

[[package]]
name = "mmh3"
version = "2.5.1"
description = "Python wrapper for MurmurHash (MurmurHash3), a set of fast and robust hash functions."
category = "main"
optional = false
python-versions = "*"

[[package]]
name = "mo-future"
version = "3.147.20327"
description = "More future! Make Python 2/3 compatibility a bit easier"
category = "main"
optional = false
python-versions = "*"

[[package]]
name = "moz-sql-parser"
version = "3.32.20026"
description = "Extract Parse Tree from SQL"
category = "main"
optional = false
python-versions = "*"

[package.dependencies]
mo-future = ">=3.31.20024"
pyparsing = "2.3.1"

[[package]]
name = "pyparsing"
version = "2.3.1"
description = "Python parsing module"
category = "main"
optional = false
python-versions = "*"

[[package]]
name = "pytz"
version = "2020.5"
description = "World timezone definitions, modern and historical"
category = "main"
optional = false
python-versions = "*"

[[package]]
name = "redis"
version = "3.5.3"
description = "Python client for Redis key-value store"
category = "main"
optional = false
python-versions = ">=2.7, !=3.0.*, !=3.1.*, !=3.2.*, !=3.3.*, !=3.4.*"

[package.extras]
hiredis = ["hiredis (>=0.1.3)"]

[[package]]
name = "sqlparse"
version = "0.4.1"
description = "A non-validating SQL parser."
category = "main"
optional = false
python-versions = ">=3.5"

[metadata]
lock-version = "1.1"
python-versions = "^3.8"
content-hash = "2d70e3208d83ef5e3167e74f2c7bf06f22f4864149086d3df86eecb0a419258d"

[metadata.files]
asgiref = [
    {file = "asgiref-3.3.1-py3-none-any.whl", hash = "sha256:5ee950735509d04eb673bd7f7120f8fa1c9e2df495394992c73234d526907e17"},
    {file = "asgiref-3.3.1.tar.gz", hash = "sha256:7162a3cb30ab0609f1a4c95938fd73e8604f63bdba516a7f7d64b83ff09478f0"},
]
django = [
    {file = "Django-3.1.5-py3-none-any.whl", hash = "sha256:efa2ab96b33b20c2182db93147a0c3cd7769d418926f9e9f140a60dca7c64ca9"},
    {file = "Django-3.1.5.tar.gz", hash = "sha256:2d78425ba74c7a1a74b196058b261b9733a8570782f4e2828974777ccca7edf7"},
]
django-query-profiler = [
    {file = "django-query-profiler-0.6.tar.gz", hash = "sha256:0abb88f26d5fa416d92def9cdbddf89db7b9c3d36df9a8a3223742fdae7ede01"},
    {file = "django_query_profiler-0.6-py2.py3-none-any.whl", hash = "sha256:e8688f247ccf43f0f541742afc78bd4111e09e51703d98ad208b17c214d4bd46"},
]
isort = [
    {file = "isort-5.7.0-py3-none-any.whl", hash = "sha256:fff4f0c04e1825522ce6949973e83110a6e907750cd92d128b0d14aaaadbffdc"},
    {file = "isort-5.7.0.tar.gz", hash = "sha256:c729845434366216d320e936b8ad6f9d681aab72dc7cbc2d51bedc3582f3ad1e"},
]
mmh3 = [
    {file = "mmh3-2.5.1.tar.gz", hash = "sha256:185209a217c52afe43e079e5b232d0ef0f3a262601eaaf4371326ab6dcbec508"},
]
mo-future = [
    {file = "mo-future-3.147.20327.tar.gz", hash = "sha256:4aafcf859e4657bc11b04ee9791321e2d44702604ae01cac7c412468cb6a513f"},
]
moz-sql-parser = [
    {file = "moz-sql-parser-3.32.20026.tar.gz", hash = "sha256:fb1b953c10a339652d6264ac82fd11f69960ff4d7159a708cbf64c0d3a8787e5"},
]
pyparsing = [
    {file = "pyparsing-2.3.1-py2.py3-none-any.whl", hash = "sha256:f6c5ef0d7480ad048c054c37632c67fca55299990fff127850181659eea33fc3"},
    {file = "pyparsing-2.3.1.tar.gz", hash = "sha256:66c9268862641abcac4a96ba74506e594c884e3f57690a696d21ad8210ed667a"},
]
pytz = [
    {file = "pytz-2020.5-py2.py3-none-any.whl", hash = "sha256:16962c5fb8db4a8f63a26646d8886e9d769b6c511543557bc84e9569fb9a9cb4"},
    {file = "pytz-2020.5.tar.gz", hash = "sha256:180befebb1927b16f6b57101720075a984c019ac16b1b7575673bea42c6c3da5"},
]
redis = [
    {file = "redis-3.5.3-py2.py3-none-any.whl", hash = "sha256:432b788c4530cfe16d8d943a09d40ca6c16149727e4afe8c2c9d5580c59d9f24"},
    {file = "redis-3.5.3.tar.gz", hash = "sha256:0e7e0cfca8660dea8b7d5cd8c4f6c5e29e11f31158c0b0ae91a397f00e5a05a2"},
]
sqlparse = [
    {file = "sqlparse-0.4.1-py3-none-any.whl", hash = "sha256:017cde379adbd6a1f15a61873f43e8274179378e95ef3fede90b5aa64d304ed0"},
    {file = "sqlparse-0.4.1.tar.gz", hash = "sha256:0f91fd2e829c44362cbcfab3e9ae12e22badaa8a29ad5ff599f9ec109f0454e8"},
]
